
Microsoft Visual Studio Solution File, Format Version 12.00
# Visual Studio Version 17
VisualStudioVersion = 17.5.33530.505
MinimumVisualStudioVersion = 10.0.40219.1
Project("{8BC9CEB8-8B4A-11D0-8D11-00A0C91BC942}") = "Memory", "Memory\Memory.vcxproj", "{93357E71-AFF4-4EDF-926E-EA7EBFD36246}"
EndProject
Global
	GlobalSection(SolutionConfigurationPlatforms) = preSolution
		Debug|x64 = Debug|x64
		Debug|x86 = Debug|x86
		Release|x64 = Release|x64
		Release|x86 = Release|x86
	EndGlobalSection
	GlobalSection(ProjectConfigurationPlatforms) = postSolution
		{93357E71-AFF4-4EDF-926E-EA7EBFD36246}.Debug|x64.ActiveCfg = Debug|x64
		{93357E71-AFF4-4EDF-926E-EA7EBFD36246}.Debug|x64.Build.0 = Debug|x64
		{93357E71-AFF4-4EDF-926E-EA7EBFD36246}.Debug|x86.ActiveCfg = Debug|Win32
		{93357E71-AFF4-4EDF-926E-EA7EBFD36246}.Debug|x86.Build.0 = Debug|Win32
		{93357E71-AFF4-4EDF-926E-EA7EBFD36246}.Release|x64.ActiveCfg = Release|x64
		{93357E71-AFF4-4EDF-926E-EA7EBFD36246}.Release|x64.Build.0 = Release|x64
		{93357E71-AFF4-4EDF-926E-EA7EBFD36246}.Release|x86.ActiveCfg = Release|Win32
		{93357E71-AFF4-4EDF-926E-EA7EBFD36246}.Release|x86.Build.0 = Release|Win32
	EndGlobalSection
	GlobalSection(SolutionProperties) = preSolution
		HideSolutionNode = FALSE
	EndGlobalSection
	GlobalSection(ExtensibilityGlobals) = postSolution
		SolutionGuid = {27FFF992-9B5F-4630-8DE9-574E57517E80}
	EndGlobalSection
EndGlobal
